# Generated by buf. DO NOT EDIT.
version: v2
deps:
  - name: buf.build/alta/protopatch
    commit: cf22509f2c224a358bb5e749aa029444
    digest: b5:4d31fce06011dd4996c55de9ef8a9352770bdff014b102cd8aeee1df67536112f4f2df142172bc0927b3b1c9ca5dcb3d1c8974b900958dc21b2aa6d4ab931f47
  - name: buf.build/envoyproxy/protoc-gen-validate
    commit: daf171c6cdb54629b5f51e345a79e4dd
    digest: b5:c745e1521879f43740230b1df673d0729f55704efefdcfc489d4a0a2d40c92a26cacfeab62813403040a8b180142d53b398c7ca784a065e43823605ee49681de
  - name: buf.build/googleapis/googleapis
    commit: c0913f24652a4cfc95f77d97443a5005
    digest: b5:4edb1480036c60f7867d75417d7faa87c851c96a4988a9746058a24e8e9bb4978daed0af35d57f6043de5a60355978dceaaa93dc992be99193260ac8823cbb8f
  - name: buf.build/grpc-ecosystem/grpc-gateway
    commit: a48fcebcf8f140dd9d09359b9bb185a4
    digest: b5:330af8a71b579ab96c4f3ee26929d1a68a5a9e986c7cfe0a898591fc514216bb6e723dc04c74d90fdee3f3f14f9100a54b4f079eb273e6e7213f0d5baca36ff8
